
Microsoft Visual Studio Solution File, Format Version 12.00
# Visual Studio 15
VisualStudioVersion = 15.0.26124.0
MinimumVisualStudioVersion = 15.0.26124.0
Project("{FAE04EC0-301F-11D3-BF4B-00C04F79EFBC}") = "Application", "Api.Application\Application.csproj", "{6D6694C2-74F4-4E7D-9DD1-3E45936323F9}"
EndProject
Project("{FAE04EC0-301F-11D3-BF4B-00C04F79EFBC}") = "CrossCutting", "Api.CrossCutting\CrossCutting.csproj", "{FB6C74A8-7EDF-43AF-83AB-D5AA50E38DB3}"
EndProject
Project("{FAE04EC0-301F-11D3-BF4B-00C04F79EFBC}") = "Data", "Api.Data\Data.csproj", "{88E9B7AB-9859-448C-837D-16848080B00C}"
EndProject
Project("{FAE04EC0-301F-11D3-BF4B-00C04F79EFBC}") = "Domain", "Api.Domain\Domain.csproj", "{0C64EF61-4D92-4B33-BA98-6A705DEC5593}"
EndProject
Project("{FAE04EC0-301F-11D3-BF4B-00C04F79EFBC}") = "Service", "Api.Service\Service.csproj", "{145461F8-8660-4873-8941-D87B08E190CB}"
EndProject
Global
	GlobalSection(SolutionConfigurationPlatforms) = preSolution
		Debug|Any CPU = Debug|Any CPU
		Debug|x64 = Debug|x64
		Debug|x86 = Debug|x86
		Release|Any CPU = Release|Any CPU
		Release|x64 = Release|x64
		Release|x86 = Release|x86
	EndGlobalSection
	GlobalSection(SolutionProperties) = preSolution
		HideSolutionNode = FALSE
	EndGlobalSection
	GlobalSection(ProjectConfigurationPlatforms) = postSolution
		{6D6694C2-74F4-4E7D-9DD1-3E45936323F9}.Debug|Any CPU.ActiveCfg = Debug|Any CPU
		{6D6694C2-74F4-4E7D-9DD1-3E45936323F9}.Debug|Any CPU.Build.0 = Debug|Any CPU
		{6D6694C2-74F4-4E7D-9DD1-3E45936323F9}.Debug|x64.ActiveCfg = Debug|Any CPU
		{6D6694C2-74F4-4E7D-9DD1-3E45936323F9}.Debug|x64.Build.0 = Debug|Any CPU
		{6D6694C2-74F4-4E7D-9DD1-3E45936323F9}.Debug|x86.ActiveCfg = Debug|Any CPU
		{6D6694C2-74F4-4E7D-9DD1-3E45936323F9}.Debug|x86.Build.0 = Debug|Any CPU
		{6D6694C2-74F4-4E7D-9DD1-3E45936323F9}.Release|Any CPU.ActiveCfg = Release|Any CPU
		{6D6694C2-74F4-4E7D-9DD1-3E45936323F9}.Release|Any CPU.Build.0 = Release|Any CPU
		{6D6694C2-74F4-4E7D-9DD1-3E45936323F9}.Release|x64.ActiveCfg = Release|Any CPU
		{6D6694C2-74F4-4E7D-9DD1-3E45936323F9}.Release|x64.Build.0 = Release|Any CPU
		{6D6694C2-74F4-4E7D-9DD1-3E45936323F9}.Release|x86.ActiveCfg = Release|Any CPU
		{6D6694C2-74F4-4E7D-9DD1-3E45936323F9}.Release|x86.Build.0 = Release|Any CPU
		{FB6C74A8-7EDF-43AF-83AB-D5AA50E38DB3}.Debug|Any CPU.ActiveCfg = Debug|Any CPU
		{FB6C74A8-7EDF-43AF-83AB-D5AA50E38DB3}.Debug|Any CPU.Build.0 = Debug|Any CPU
		{FB6C74A8-7EDF-43AF-83AB-D5AA50E38DB3}.Debug|x64.ActiveCfg = Debug|Any CPU
		{FB6C74A8-7EDF-43AF-83AB-D5AA50E38DB3}.Debug|x64.Build.0 = Debug|Any CPU
		{FB6C74A8-7EDF-43AF-83AB-D5AA50E38DB3}.Debug|x86.ActiveCfg = Debug|Any CPU
		{FB6C74A8-7EDF-43AF-83AB-D5AA50E38DB3}.Debug|x86.Build.0 = Debug|Any CPU
		{FB6C74A8-7EDF-43AF-83AB-D5AA50E38DB3}.Release|Any CPU.ActiveCfg = Release|Any CPU
		{FB6C74A8-7EDF-43AF-83AB-D5AA50E38DB3}.Release|Any CPU.Build.0 = Release|Any CPU
		{FB6C74A8-7EDF-43AF-83AB-D5AA50E38DB3}.Release|x64.ActiveCfg = Release|Any CPU
		{FB6C74A8-7EDF-43AF-83AB-D5AA50E38DB3}.Release|x64.Build.0 = Release|Any CPU
		{FB6C74A8-7EDF-43AF-83AB-D5AA50E38DB3}.Release|x86.ActiveCfg = Release|Any CPU
		{FB6C74A8-7EDF-43AF-83AB-D5AA50E38DB3}.Release|x86.Build.0 = Release|Any CPU
		{88E9B7AB-9859-448C-837D-16848080B00C}.Debug|Any CPU.ActiveCfg = Debug|Any CPU
		{88E9B7AB-9859-448C-837D-16848080B00C}.Debug|Any CPU.Build.0 = Debug|Any CPU
		{88E9B7AB-9859-448C-837D-16848080B00C}.Debug|x64.ActiveCfg = Debug|Any CPU
		{88E9B7AB-9859-448C-837D-16848080B00C}.Debug|x64.Build.0 = Debug|Any CPU
		{88E9B7AB-9859-448C-837D-16848080B00C}.Debug|x86.ActiveCfg = Debug|Any CPU
		{88E9B7AB-9859-448C-837D-16848080B00C}.Debug|x86.Build.0 = Debug|Any CPU
		{88E9B7AB-9859-448C-837D-16848080B00C}.Release|Any CPU.ActiveCfg = Release|Any CPU
		{88E9B7AB-9859-448C-837D-16848080B00C}.Release|Any CPU.Build.0 = Release|Any CPU
		{88E9B7AB-9859-448C-837D-16848080B00C}.Release|x64.ActiveCfg = Release|Any CPU
		{88E9B7AB-9859-448C-837D-16848080B00C}.Release|x64.Build.0 = Release|Any CPU
		{88E9B7AB-9859-448C-837D-16848080B00C}.Release|x86.ActiveCfg = Release|Any CPU
		{88E9B7AB-9859-448C-837D-16848080B00C}.Release|x86.Build.0 = Release|Any CPU
		{0C64EF61-4D92-4B33-BA98-6A705DEC5593}.Debug|Any CPU.ActiveCfg = Debug|Any CPU
		{0C64EF61-4D92-4B33-BA98-6A705DEC5593}.Debug|Any CPU.Build.0 = Debug|Any CPU
		{0C64EF61-4D92-4B33-BA98-6A705DEC5593}.Debug|x64.ActiveCfg = Debug|Any CPU
		{0C64EF61-4D92-4B33-BA98-6A705DEC5593}.Debug|x64.Build.0 = Debug|Any CPU
		{0C64EF61-4D92-4B33-BA98-6A705DEC5593}.Debug|x86.ActiveCfg = Debug|Any CPU
		{0C64EF61-4D92-4B33-BA98-6A705DEC5593}.Debug|x86.Build.0 = Debug|Any CPU
		{0C64EF61-4D92-4B33-BA98-6A705DEC5593}.Release|Any CPU.ActiveCfg = Release|Any CPU
		{0C64EF61-4D92-4B33-BA98-6A705DEC5593}.Release|Any CPU.Build.0 = Release|Any CPU
		{0C64EF61-4D92-4B33-BA98-6A705DEC5593}.Release|x64.ActiveCfg = Release|Any CPU
		{0C64EF61-4D92-4B33-BA98-6A705DEC5593}.Release|x64.Build.0 = Release|Any CPU
		{0C64EF61-4D92-4B33-BA98-6A705DEC5593}.Release|x86.ActiveCfg = Release|Any CPU
		{0C64EF61-4D92-4B33-BA98-6A705DEC5593}.Release|x86.Build.0 = Release|Any CPU
		{145461F8-8660-4873-8941-D87B08E190CB}.Debug|Any CPU.ActiveCfg = Debug|Any CPU
		{145461F8-8660-4873-8941-D87B08E190CB}.Debug|Any CPU.Build.0 = Debug|Any CPU
		{145461F8-8660-4873-8941-D87B08E190CB}.Debug|x64.ActiveCfg = Debug|Any CPU
		{145461F8-8660-4873-8941-D87B08E190CB}.Debug|x64.Build.0 = Debug|Any CPU
		{145461F8-8660-4873-8941-D87B08E190CB}.Debug|x86.ActiveCfg = Debug|Any CPU
		{145461F8-8660-4873-8941-D87B08E190CB}.Debug|x86.Build.0 = Debug|Any CPU
		{145461F8-8660-4873-8941-D87B08E190CB}.Release|Any CPU.ActiveCfg = Release|Any CPU
		{145461F8-8660-4873-8941-D87B08E190CB}.Release|Any CPU.Build.0 = Release|Any CPU
		{145461F8-8660-4873-8941-D87B08E190CB}.Release|x64.ActiveCfg = Release|Any CPU
		{145461F8-8660-4873-8941-D87B08E190CB}.Release|x64.Build.0 = Release|Any CPU
		{145461F8-8660-4873-8941-D87B08E190CB}.Release|x86.ActiveCfg = Release|Any CPU
		{145461F8-8660-4873-8941-D87B08E190CB}.Release|x86.Build.0 = Release|Any CPU
	EndGlobalSection
EndGlobal
